
Microsoft Visual Studio Solution File, Format Version 12.00
# Visual Studio Version 17
VisualStudioVersion = 17.14.36623.8 d17.14
MinimumVisualStudioVersion = 10.0.40219.1
Project("{FAE04EC0-301F-11D3-BF4B-00C04F79EFBC}") = "Pokemon", "Pokemon\Pokemon.csproj", "{B8B204A3-55E0-4F88-89CA-E71AD15700EC}"
EndProject
Global
	GlobalSection(SolutionConfigurationPlatforms) = preSolution
		Debug|Any CPU = Debug|Any CPU
		Release|Any CPU = Release|Any CPU
	EndGlobalSection
	GlobalSection(ProjectConfigurationPlatforms) = postSolution
		{B8B204A3-55E0-4F88-89CA-E71AD15700EC}.Debug|Any CPU.ActiveCfg = Debug|Any CPU
		{B8B204A3-55E0-4F88-89CA-E71AD15700EC}.Debug|Any CPU.Build.0 = Debug|Any CPU
		{B8B204A3-55E0-4F88-89CA-E71AD15700EC}.Release|Any CPU.ActiveCfg = Release|Any CPU
		{B8B204A3-55E0-4F88-89CA-E71AD15700EC}.Release|Any CPU.Build.0 = Release|Any CPU
	EndGlobalSection
	GlobalSection(SolutionProperties) = preSolution
		HideSolutionNode = FALSE
	EndGlobalSection
	GlobalSection(ExtensibilityGlobals) = postSolution
		SolutionGuid = {CF222332-4921-479D-855D-A3558F66CE69}
	EndGlobalSection
EndGlobal
